
Microsoft Visual Studio Solution File, Format Version 12.00
# Visual Studio Version 17
VisualStudioVersion = 17.14.37314.3
MinimumVisualStudioVersion = 10.0.40219.1
Project("{FAE04EC0-301F-11D3-BF4B-00C04F79EFBC}") = "Ranaraghini", "Ranaraghini.csproj", "{9EE49444-986C-4DCC-A29B-6EA68B1BB7CC}"
EndProject
Global
	GlobalSection(SolutionConfigurationPlatforms) = preSolution
		Debug|Any CPU = Debug|Any CPU
		Release|Any CPU = Release|Any CPU
	EndGlobalSection
	GlobalSection(ProjectConfigurationPlatforms) = postSolution
		{9EE49444-986C-4DCC-A29B-6EA68B1BB7CC}.Debug|Any CPU.ActiveCfg = Debug|Any CPU
		{9EE49444-986C-4DCC-A29B-6EA68B1BB7CC}.Debug|Any CPU.Build.0 = Debug|Any CPU
		{9EE49444-986C-4DCC-A29B-6EA68B1BB7CC}.Release|Any CPU.ActiveCfg = Release|Any CPU
		{9EE49444-986C-4DCC-A29B-6EA68B1BB7CC}.Release|Any CPU.Build.0 = Release|Any CPU
	EndGlobalSection
	GlobalSection(SolutionProperties) = preSolution
		HideSolutionNode = FALSE
	EndGlobalSection
	GlobalSection(ExtensibilityGlobals) = postSolution
		SolutionGuid = {793BF904-FE97-477F-81AA-DE2A7B8CCF09}
	EndGlobalSection
EndGlobal
